PODS:
  - CaseInsensitiveString (1.0.0)
  - Images/Core (0.0.2):
    - YYWebImage
  - Images/Qiniu (0.0.2):
    - CaseInsensitiveString
    - Images/Core
    - YYImage/WebP
  - YYCache (1.0.4)
  - YYImage (1.0.4):
    - YYImage/Core (= 1.0.4)
  - YYImage/Core (1.0.4)
  - YYImage/WebP (1.0.4):
    - YYImage/Core
  - YYWebImage (1.0.5):
    - YYCache
    - YYImage

DEPENDENCIES:
  - Images/Core (from `../../Images`)
  - Images/Qiniu (from `../../Images`)

EXTERNAL SOURCES:
  Images:
    :path: ../../Images

SPEC CHECKSUMS:
  CaseInsensitiveString: c0ca59df56fdda71949c710afa2543fb2891d14f
  Images: ea27d60f8e64133982a954755c30d2781e1a0f9c
  YYCache: 8105b6638f5e849296c71f331ff83891a4942952
  YYImage: 1e1b62a9997399593e4b9c4ecfbbabbf1d3f3b54
  YYWebImage: 5f7f36aee2ae293f016d418c7d6ba05c4863e928

PODFILE CHECKSUM: d1b9befde3e8eb1010b698eb8955b423d4088bf0

COCOAPODS: 1.2.0
